
Microsoft Visual Studio Solution File, Format Version 12.00
# Visual Studio Version 17
VisualStudioVersion = 17.0.32014.148
MinimumVisualStudioVersion = 10.0.40219.1
Project("{FAE04EC0-301F-11D3-BF4B-00C04F79EFBC}") = "ConsoleApp1", "ConsoleApp1\ConsoleApp1.csproj", "{64456BC1-547B-4428-AB2D-6D8FFE5C108F}"
EndProject
Global
	GlobalSection(SolutionConfigurationPlatforms) = preSolution
		Debug|Any CPU = Debug|Any CPU
		Release|Any CPU = Release|Any CPU
	EndGlobalSection
	GlobalSection(ProjectConfigurationPlatforms) = postSolution
		{64456BC1-547B-4428-AB2D-6D8FFE5C108F}.Debug|Any CPU.ActiveCfg = Debug|Any CPU
		{64456BC1-547B-4428-AB2D-6D8FFE5C108F}.Debug|Any CPU.Build.0 = Debug|Any CPU
		{64456BC1-547B-4428-AB2D-6D8FFE5C108F}.Release|Any CPU.ActiveCfg = Release|Any CPU
		{64456BC1-547B-4428-AB2D-6D8FFE5C108F}.Release|Any CPU.Build.0 = Release|Any CPU
	EndGlobalSection
	GlobalSection(SolutionProperties) = preSolution
		HideSolutionNode = FALSE
	EndGlobalSection
	GlobalSection(ExtensibilityGlobals) = postSolution
		SolutionGuid = {FABFE241-A59C-4110-8963-F6A89D149372}
	EndGlobalSection
EndGlobal
